
Microsoft Visual Studio Solution File, Format Version 12.00
# Visual Studio Version 16
VisualStudioVersion = 25.0.1705.2
MinimumVisualStudioVersion = 10.0.40219.1
Project("{FAE04EC0-301F-11D3-BF4B-00C04F79EFBC}") = "hyochan.dev", "hyochan.dev.csproj", "{9AC756ED-6EED-4EFE-9997-0E2F725C8F33}"
EndProject
Global
	GlobalSection(SolutionConfigurationPlatforms) = preSolution
		Debug|Any CPU = Debug|Any CPU
		Release|Any CPU = Release|Any CPU
	EndGlobalSection
	GlobalSection(ProjectConfigurationPlatforms) = postSolution
		{9AC756ED-6EED-4EFE-9997-0E2F725C8F33}.Debug|Any CPU.ActiveCfg = Debug|Any CPU
		{9AC756ED-6EED-4EFE-9997-0E2F725C8F33}.Debug|Any CPU.Build.0 = Debug|Any CPU
		{9AC756ED-6EED-4EFE-9997-0E2F725C8F33}.Release|Any CPU.ActiveCfg = Release|Any CPU
		{9AC756ED-6EED-4EFE-9997-0E2F725C8F33}.Release|Any CPU.Build.0 = Release|Any CPU
	EndGlobalSection
	GlobalSection(SolutionProperties) = preSolution
		HideSolutionNode = FALSE
	EndGlobalSection
	GlobalSection(ExtensibilityGlobals) = postSolution
		SolutionGuid = {F30EF890-8ADB-4CCD-B0E6-A0CF3A287FD9}
	EndGlobalSection
EndGlobal
